
Microsoft Visual Studio Solution File, Format Version 12.00
# Visual Studio 15
VisualStudioVersion = 15.0.27703.2035
MinimumVisualStudioVersion = 10.0.40219.1
Project("{FAE04EC0-301F-11D3-BF4B-00C04F79EFBC}") = "GrewbitWeb", "GrewbitWeb\GrewbitWeb.csproj", "{BAED5EE5-70BB-4838-94FF-C8755F891819}"
EndProject
Project("{FAE04EC0-301F-11D3-BF4B-00C04F79EFBC}") = "GrewbitShared", "GrewbitShared\GrewbitShared.csproj", "{440F9101-E737-4928-86B1-6F77645BEEA4}"
EndProject
Global
	GlobalSection(SolutionConfigurationPlatforms) = preSolution
		Debug|Any CPU = Debug|Any CPU
		Release|Any CPU = Release|Any CPU
	EndGlobalSection
	GlobalSection(ProjectConfigurationPlatforms) = postSolution
		{BAED5EE5-70BB-4838-94FF-C8755F891819}.Debug|Any CPU.ActiveCfg = Debug|Any CPU
		{BAED5EE5-70BB-4838-94FF-C8755F891819}.Debug|Any CPU.Build.0 = Debug|Any CPU
		{BAED5EE5-70BB-4838-94FF-C8755F891819}.Release|Any CPU.ActiveCfg = Release|Any CPU
		{BAED5EE5-70BB-4838-94FF-C8755F891819}.Release|Any CPU.Build.0 = Release|Any CPU
		{440F9101-E737-4928-86B1-6F77645BEEA4}.Debug|Any CPU.ActiveCfg = Debug|Any CPU
		{440F9101-E737-4928-86B1-6F77645BEEA4}.Debug|Any CPU.Build.0 = Debug|Any CPU
		{440F9101-E737-4928-86B1-6F77645BEEA4}.Release|Any CPU.ActiveCfg = Release|Any CPU
		{440F9101-E737-4928-86B1-6F77645BEEA4}.Release|Any CPU.Build.0 = Release|Any CPU
	EndGlobalSection
	GlobalSection(SolutionProperties) = preSolution
		HideSolutionNode = FALSE
	EndGlobalSection
	GlobalSection(ExtensibilityGlobals) = postSolution
		SolutionGuid = {5A1E82DD-E90D-40FA-9F28-D722EEF3488E}
	EndGlobalSection
EndGlobal
